
Microsoft Visual Studio Solution File, Format Version 12.00
# Visual Studio Version 16
VisualStudioVersion = 16.0.31313.79
MinimumVisualStudioVersion = 10.0.40219.1
Project("{8BC9CEB8-8B4A-11D0-8D11-00A0C91BC942}") = "elevator", "elevator\elevator.vcxproj", "{261955E1-12F3-4405-A344-5B0DF53EBC90}"
EndProject
Global
	GlobalSection(SolutionConfigurationPlatforms) = preSolution
		Debug|x64 = Debug|x64
		Debug|x86 = Debug|x86
		Release|x64 = Release|x64
		Release|x86 = Release|x86
	EndGlobalSection
	GlobalSection(ProjectConfigurationPlatforms) = postSolution
		{261955E1-12F3-4405-A344-5B0DF53EBC90}.Debug|x64.ActiveCfg = Debug|x64
		{261955E1-12F3-4405-A344-5B0DF53EBC90}.Debug|x64.Build.0 = Debug|x64
		{261955E1-12F3-4405-A344-5B0DF53EBC90}.Debug|x86.ActiveCfg = Debug|Win32
		{261955E1-12F3-4405-A344-5B0DF53EBC90}.Debug|x86.Build.0 = Debug|Win32
		{261955E1-12F3-4405-A344-5B0DF53EBC90}.Release|x64.ActiveCfg = Release|x64
		{261955E1-12F3-4405-A344-5B0DF53EBC90}.Release|x64.Build.0 = Release|x64
		{261955E1-12F3-4405-A344-5B0DF53EBC90}.Release|x86.ActiveCfg = Release|Win32
		{261955E1-12F3-4405-A344-5B0DF53EBC90}.Release|x86.Build.0 = Release|Win32
	EndGlobalSection
	GlobalSection(SolutionProperties) = preSolution
		HideSolutionNode = FALSE
	EndGlobalSection
	GlobalSection(ExtensibilityGlobals) = postSolution
		SolutionGuid = {93B3EAEB-ECB1-4352-8AB0-B53BA3096885}
	EndGlobalSection
EndGlobal
