<?xml version="1.0" encoding="utf-8"?>
<Project ToolsVersion="4.0" xmlns="http://schemas.microsoft.com/developer/msbuild/2003">
  <ItemGroup>
    <Filter Include="源文件">
      <UniqueIdentifier>{4FC737F1-C7A5-4376-A066-2A32D752A2FF}</UniqueIdentifier>
      <Extensions>cpp;c;cc;cxx;c++;cppm;ixx;def;odl;idl;hpj;bat;asm;asmx</Extensions>
    </Filter>
    <Filter Include="头文件">
      <UniqueIdentifier>{93995380-89BD-4b04-88EB-625FBE52EBFB}</UniqueIdentifier>
      <Extensions>h;hh;hpp;hxx;h++;hm;inl;inc;ipp;xsd</Extensions>
    </Filter>
    <Filter Include="资源文件">
      <UniqueIdentifier>{67DA6AB6-F800-4c08-8B7A-83BB121AAD01}</UniqueIdentifier>
      <Extensions>rc;ico;cur;bmp;dlg;rc2;rct;bin;rgs;gif;jpg;jpeg;jpe;resx;tiff;tif;png;wav;mfcribbon-ms</Extensions>
    </Filter>
  </ItemGroup>
  <ItemGroup>
    <ClInclude Include="elevator.h">
      <Filter>头文件</Filter>
    </ClInclude>
    <ClInclude Include="elevatorDlg.h">
      <Filter>头文件</Filter>
    </ClInclude>
    <ClInclude Include="framework.h">
      <Filter>头文件</Filter>
    </ClInclude>
    <ClInclude Include="Resource.h">
      <Filter>头文件</Filter>
    </ClInclude>
    <ClInclude Include="CTIPDLG.h">
      <Filter>头文件</Filter>
    </ClInclude>
    <ClInclude Include="CPassagerFlow.h">
      <Filter>头文件</Filter>
    </ClInclude>
    <ClInclude Include="CelevatorSHOW.h">
      <Filter>头文件</Filter>
    </ClInclude>
    <ClInclude Include="transit.h">
      <Filter>头文件</Filter>
    </ClInclude>
    <ClInclude Include="g_a.h">
      <Filter>头文件</Filter>
    </ClInclude>
    <ClInclude Include="pattern.h">
      <Filter>头文件</Filter>
    </ClInclude>
    <ClInclude Include="matrix.h">
      <Filter>头文件</Filter>
    </ClInclude>
    <ClInclude Include="gm.h">
      <Filter>头文件</Filter>
    </ClInclude>
    <ClInclude Include="timer.h">
      <Filter>头文件</Filter>
    </ClInclude>
    <ClInclude Include="CelevatorInfo.h">
      <Filter>头文件</Filter>
    </ClInclude>
    <ClInclude Include="CeleMoreInfo.h">
      <Filter>头文件</Filter>
    </ClInclude>
  </ItemGroup>
  <ItemGroup>
    <ClCompile Include="elevator.cpp">
      <Filter>源文件</Filter>
    </ClCompile>
    <ClCompile Include="elevatorDlg.cpp">
      <Filter>源文件</Filter>
    </ClCompile>
    <ClCompile Include="CTIPDLG.cpp">
      <Filter>源文件</Filter>
    </ClCompile>
    <ClCompile Include="CPassagerFlow.cpp">
      <Filter>源文件</Filter>
    </ClCompile>
    <ClCompile Include="CelevatorSHOW.cpp">
      <Filter>源文件</Filter>
    </ClCompile>
    <ClCompile Include="g_a.cpp">
      <Filter>源文件</Filter>
    </ClCompile>
    <ClCompile Include="pattern.cpp">
      <Filter>源文件</Filter>
    </ClCompile>
    <ClCompile Include="gm.cpp">
      <Filter>源文件</Filter>
    </ClCompile>
    <ClCompile Include="matrix.cpp">
      <Filter>源文件</Filter>
    </ClCompile>
    <ClCompile Include="CelevatorInfo.cpp">
      <Filter>源文件</Filter>
    </ClCompile>
    <ClCompile Include="CeleMoreInfo.cpp">
      <Filter>源文件</Filter>
    </ClCompile>
  </ItemGroup>
  <ItemGroup>
    <ResourceCompile Include="elevator.rc">
      <Filter>资源文件</Filter>
    </ResourceCompile>
  </ItemGroup>
  <ItemGroup>
    <None Include="res\elevator.rc2">
      <Filter>资源文件</Filter>
    </None>
    <None Include="packages.config" />
  </ItemGroup>
  <ItemGroup>
    <Image Include="res\elevator.ico">
      <Filter>资源文件</Filter>
    </Image>
    <Image Include="..\..\..\..\最近文件\思维导图\elevator.ico">
      <Filter>资源文件</Filter>
    </Image>
    <Image Include="elevator.ico">
      <Filter>资源文件</Filter>
    </Image>
    <Image Include="res\12.bmp">
      <Filter>资源文件</Filter>
    </Image>
    <Image Include="res\31d033ea4c6a671fdb4ba93488ec04aa.bmp">
      <Filter>资源文件</Filter>
    </Image>
    <Image Include="res\单层电梯.bmp">
      <Filter>资源文件</Filter>
    </Image>
    <Image Include="res\单层电梯~1.bmp">
      <Filter>资源文件</Filter>
    </Image>
    <Image Include="res\第二章.bmp">
      <Filter>资源文件</Filter>
    </Image>
    <Image Include="res\第三章.bmp">
      <Filter>资源文件</Filter>
    </Image>
    <Image Include="res\第四章.bmp">
      <Filter>资源文件</Filter>
    </Image>
    <Image Include="res\第一张.bmp">
      <Filter>资源文件</Filter>
    </Image>
    <Image Include="res\电梯.bmp">
      <Filter>资源文件</Filter>
    </Image>
    <Image Include="res\电梯门.bmp">
      <Filter>资源文件</Filter>
    </Image>
    <Image Include="res\电梯门~1.bmp">
      <Filter>资源文件</Filter>
    </Image>
    <Image Include="res\楼顶.bmp">
      <Filter>资源文件</Filter>
    </Image>
    <Image Include="res\楼顶~1.bmp">
      <Filter>资源文件</Filter>
    </Image>
    <Image Include="res\up.bmp">
      <Filter>资源文件</Filter>
    </Image>
    <Image Include="res\down.bmp">
      <Filter>资源文件</Filter>
    </Image>
    <Image Include="res\downg.bmp">
      <Filter>资源文件</Filter>
    </Image>
    <Image Include="res\upg.bmp">
      <Filter>资源文件</Filter>
    </Image>
  </ItemGroup>
</Project>